// !$*UTF8*$!
{
	archiveVersion = 1;
	classes = {
	};
	objectVersion = 50;
	objects = {

/* Begin PBXBuildFile section */
		1358167523E0657300109133 /* AppDelegate.swift in Sources */ = {isa = PBXBuildFile; fileRef = 1358167423E0657300109133 /* AppDelegate.swift */; };
		1358167723E0657300109133 /* SceneDelegate.swift in Sources */ = {isa = PBXBuildFile; fileRef = 1358167623E0657300109133 /* SceneDelegate.swift */; };
		1358167923E0657300109133 /* ViewController.swift in Sources */ = {isa = PBXBuildFile; fileRef = 1358167823E0657300109133 /* ViewController.swift */; };
		1358167C23E0657300109133 /* Main.storyboard in Resources */ = {isa = PBXBuildFile; fileRef = 1358167A23E0657300109133 /* Main.storyboard */; };
		1358167E23E0657600109133 /* Assets.xcassets in Resources */ = {isa = PBXBuildFile; fileRef = 1358167D23E0657600109133 /* Assets.xcassets */; };
		1358168123E0657600109133 /* LaunchScreen.storyboard in Resources */ = {isa = PBXBuildFile; fileRef = 1358167F23E0657600109133 /* LaunchScreen.storyboard */; };
		1358168B23E0660700109133 /* APIClient.swift in Sources */ = {isa = PBXBuildFile; fileRef = 1358168A23E0660700109133 /* APIClient.swift */; };
		1358168D23E0661D00109133 /* Keys.swift in Sources */ = {isa = PBXBuildFile; fileRef = 1358168C23E0661D00109133 /* Keys.swift */; };
		1358169523E066B000109133 /* TrackDate.swift in Sources */ = {isa = PBXBuildFile; fileRef = 1358168F23E066B000109133 /* TrackDate.swift */; };
		1358169623E066B000109133 /* Track.swift in Sources */ = {isa = PBXBuildFile; fileRef = 1358169023E066B000109133 /* Track.swift */; };
		1358169723E066B000109133 /* Album.swift in Sources */ = {isa = PBXBuildFile; fileRef = 1358169123E066B000109133 /* Album.swift */; };
		1358169823E066B000109133 /* RecentTracksResponse.swift in Sources */ = {isa = PBXBuildFile; fileRef = 1358169223E066B000109133 /* RecentTracksResponse.swift */; };
		1358169923E066B000109133 /* Artist.swift in Sources */ = {isa = PBXBuildFile; fileRef = 1358169323E066B000109133 /* Artist.swift */; };
		1358169A23E066B000109133 /* RecentTracks.swift in Sources */ = {isa = PBXBuildFile; fileRef = 1358169423E066B000109133 /* RecentTracks.swift */; };
		1358169E23E0672F00109133 /* Date.swift in Sources */ = {isa = PBXBuildFile; fileRef = 1358169D23E0672F00109133 /* Date.swift */; };
		135F5C6A23E872BA006B4A0B /* AppInfoViewController.swift in Sources */ = {isa = PBXBuildFile; fileRef = 135F5C6923E872BA006B4A0B /* AppInfoViewController.swift */; };
		1370181223E3273C002701BF /* ScrobblesService.swift in Sources */ = {isa = PBXBuildFile; fileRef = 1370181123E3273C002701BF /* ScrobblesService.swift */; };
		1370181423E33D74002701BF /* Catalog.swift in Sources */ = {isa = PBXBuildFile; fileRef = 1370181323E33D74002701BF /* Catalog.swift */; };
		1370181623E34637002701BF /* Factbook.swift in Sources */ = {isa = PBXBuildFile; fileRef = 1370181523E34637002701BF /* Factbook.swift */; };
		1370181823E4849A002701BF /* UserInfoResponse.swift in Sources */ = {isa = PBXBuildFile; fileRef = 1370181723E4849A002701BF /* UserInfoResponse.swift */; };
		138A5B8F23E492B200527D50 /* UserMenuViewController.swift in Sources */ = {isa = PBXBuildFile; fileRef = 138A5B8E23E492B200527D50 /* UserMenuViewController.swift */; };
		138A5B9123E4933D00527D50 /* UserService.swift in Sources */ = {isa = PBXBuildFile; fileRef = 138A5B9023E4933D00527D50 /* UserService.swift */; };
		139929A723E49B6400BE336B /* User.swift in Sources */ = {isa = PBXBuildFile; fileRef = 139929A623E49B6400BE336B /* User.swift */; };
		139929A923E4AC4400BE336B /* UserListViewController.swift in Sources */ = {isa = PBXBuildFile; fileRef = 139929A823E4AC4400BE336B /* UserListViewController.swift */; };
		139929AB23E4AEF500BE336B /* UserListTableViewCell.swift in Sources */ = {isa = PBXBuildFile; fileRef = 139929AA23E4AEF500BE336B /* UserListTableViewCell.swift */; };
		139929AD23E4AF9A00BE336B /* AddUsernameViewController.swift in Sources */ = {isa = PBXBuildFile; fileRef = 139929AC23E4AF9A00BE336B /* AddUsernameViewController.swift */; };
/* End PBXBuildFile section */

/* Begin PBXFileReference section */
		1358167123E0657300109133 /* PlaylistMaker.app */ = {isa = PBXFileReference; explicitFileType = wrapper.application; includeInIndex = 0; path = PlaylistMaker.app; sourceTree = BUILT_PRODUCTS_DIR; };
		1358167423E0657300109133 /* AppDelegate.swift */ = {isa = PBXFileReference; lastKnownFileType = sourcecode.swift; path = AppDelegate.swift; sourceTree = "<group>"; };
		1358167623E0657300109133 /* SceneDelegate.swift */ = {isa = PBXFileReference; lastKnownFileType = sourcecode.swift; path = SceneDelegate.swift; sourceTree = "<group>"; };
		1358167823E0657300109133 /* ViewController.swift */ = {isa = PBXFileReference; lastKnownFileType = sourcecode.swift; path = ViewController.swift; sourceTree = "<group>"; };
		1358167B23E0657300109133 /* Base */ = {isa = PBXFileReference; lastKnownFileType = file.storyboard; name = Base; path = Base.lproj/Main.storyboard; sourceTree = "<group>"; };
		1358167D23E0657600109133 /* Assets.xcassets */ = {isa = PBXFileReference; lastKnownFileType = folder.assetcatalog; path = Assets.xcassets; sourceTree = "<group>"; };
		1358168023E0657600109133 /* Base */ = {isa = PBXFileReference; lastKnownFileType = file.storyboard; name = Base; path = Base.lproj/LaunchScreen.storyboard; sourceTree = "<group>"; };
		1358168223E0657600109133 /* Info.plist */ = {isa = PBXFileReference; lastKnownFileType = text.plist.xml; path = Info.plist; sourceTree = "<group>"; };
		1358168A23E0660700109133 /* APIClient.swift */ = {isa = PBXFileReference; fileEncoding = 4; lastKnownFileType = sourcecode.swift; path = APIClient.swift; sourceTree = "<group>"; };
		1358168C23E0661D00109133 /* Keys.swift */ = {isa = PBXFileReference; fileEncoding = 4; lastKnownFileType = sourcecode.swift; path = Keys.swift; sourceTree = "<group>"; };
		1358168F23E066B000109133 /* TrackDate.swift */ = {isa = PBXFileReference; fileEncoding = 4; lastKnownFileType = sourcecode.swift; path = TrackDate.swift; sourceTree = "<group>"; };
		1358169023E066B000109133 /* Track.swift */ = {isa = PBXFileReference; fileEncoding = 4; lastKnownFileType = sourcecode.swift; path = Track.swift; sourceTree = "<group>"; };
		1358169123E066B000109133 /* Album.swift */ = {isa = PBXFileReference; fileEncoding = 4; lastKnownFileType = sourcecode.swift; path = Album.swift; sourceTree = "<group>"; };
		1358169223E066B000109133 /* RecentTracksResponse.swift */ = {isa = PBXFileReference; fileEncoding = 4; lastKnownFileType = sourcecode.swift; path = RecentTracksResponse.swift; sourceTree = "<group>"; };
		1358169323E066B000109133 /* Artist.swift */ = {isa = PBXFileReference; fileEncoding = 4; lastKnownFileType = sourcecode.swift; path = Artist.swift; sourceTree = "<group>"; };
		1358169423E066B000109133 /* RecentTracks.swift */ = {isa = PBXFileReference; fileEncoding = 4; lastKnownFileType = sourcecode.swift; path = RecentTracks.swift; sourceTree = "<group>"; };
		1358169D23E0672F00109133 /* Date.swift */ = {isa = PBXFileReference; lastKnownFileType = sourcecode.swift; path = Date.swift; sourceTree = "<group>"; };
		135F5C6923E872BA006B4A0B /* AppInfoViewController.swift */ = {isa = PBXFileReference; lastKnownFileType = sourcecode.swift; path = AppInfoViewController.swift; sourceTree = "<group>"; };
		1370181123E3273C002701BF /* ScrobblesService.swift */ = {isa = PBXFileReference; lastKnownFileType = sourcecode.swift; path = ScrobblesService.swift; sourceTree = "<group>"; };
		1370181323E33D74002701BF /* Catalog.swift */ = {isa = PBXFileReference; lastKnownFileType = sourcecode.swift; path = Catalog.swift; sourceTree = "<group>"; };
		1370181523E34637002701BF /* Factbook.swift */ = {isa = PBXFileReference; lastKnownFileType = sourcecode.swift; path = Factbook.swift; sourceTree = "<group>"; };
		1370181723E4849A002701BF /* UserInfoResponse.swift */ = {isa = PBXFileReference; lastKnownFileType = sourcecode.swift; path = UserInfoResponse.swift; sourceTree = "<group>"; };
		138A5B8E23E492B200527D50 /* UserMenuViewController.swift */ = {isa = PBXFileReference; lastKnownFileType = sourcecode.swift; path = UserMenuViewController.swift; sourceTree = "<group>"; };
		138A5B9023E4933D00527D50 /* UserService.swift */ = {isa = PBXFileReference; lastKnownFileType = sourcecode.swift; path = UserService.swift; sourceTree = "<group>"; };
		139929A623E49B6400BE336B /* User.swift */ = {isa = PBXFileReference; lastKnownFileType = sourcecode.swift; path = User.swift; sourceTree = "<group>"; };
		139929A823E4AC4400BE336B /* UserListViewController.swift */ = {isa = PBXFileReference; lastKnownFileType = sourcecode.swift; path = UserListViewController.swift; sourceTree = "<group>"; };
		139929AA23E4AEF500BE336B /* UserListTableViewCell.swift */ = {isa = PBXFileReference; lastKnownFileType = sourcecode.swift; path = UserListTableViewCell.swift; sourceTree = "<group>"; };
		139929AC23E4AF9A00BE336B /* AddUsernameViewController.swift */ = {isa = PBXFileReference; lastKnownFileType = sourcecode.swift; path = AddUsernameViewController.swift; sourceTree = "<group>"; };
/* End PBXFileReference section */

/* Begin PBXFrameworksBuildPhase section */
		1358166E23E0657300109133 /* Frameworks */ = {
			isa = PBXFrameworksBuildPhase;
			buildActionMask = 2147483647;
			files = (
			);
			runOnlyForDeploymentPostprocessing = 0;
		};
/* End PBXFrameworksBuildPhase section */

/* Begin PBXGroup section */
		1358166823E0657300109133 = {
			isa = PBXGroup;
			children = (
				1358167323E0657300109133 /* PlaylistMaker */,
				1358167223E0657300109133 /* Products */,
			);
			sourceTree = "<group>";
		};
		1358167223E0657300109133 /* Products */ = {
			isa = PBXGroup;
			children = (
				1358167123E0657300109133 /* PlaylistMaker.app */,
			);
			name = Products;
			sourceTree = "<group>";
		};
		1358167323E0657300109133 /* PlaylistMaker */ = {
			isa = PBXGroup;
			children = (
				1370181923E48793002701BF /* ViewControllers */,
				1358169C23E0671C00109133 /* Extensions */,
				1358168E23E0669F00109133 /* Model */,
				1358168C23E0661D00109133 /* Keys.swift */,
				1358168A23E0660700109133 /* APIClient.swift */,
				1358167423E0657300109133 /* AppDelegate.swift */,
				1358167623E0657300109133 /* SceneDelegate.swift */,
				1358167823E0657300109133 /* ViewController.swift */,
				1358167A23E0657300109133 /* Main.storyboard */,
				1358167D23E0657600109133 /* Assets.xcassets */,
				1358167F23E0657600109133 /* LaunchScreen.storyboard */,
				1358168223E0657600109133 /* Info.plist */,
				1370181123E3273C002701BF /* ScrobblesService.swift */,
				1370181523E34637002701BF /* Factbook.swift */,
				138A5B9023E4933D00527D50 /* UserService.swift */,
			);
			path = PlaylistMaker;
			sourceTree = "<group>";
		};
		1358168E23E0669F00109133 /* Model */ = {
			isa = PBXGroup;
			children = (
				1358169123E066B000109133 /* Album.swift */,
				1358169323E066B000109133 /* Artist.swift */,
				1358169423E066B000109133 /* RecentTracks.swift */,
				1358169223E066B000109133 /* RecentTracksResponse.swift */,
				1358169023E066B000109133 /* Track.swift */,
				1358168F23E066B000109133 /* TrackDate.swift */,
				1370181323E33D74002701BF /* Catalog.swift */,
				1370181723E4849A002701BF /* UserInfoResponse.swift */,
				139929A623E49B6400BE336B /* User.swift */,
			);
			path = Model;
			sourceTree = "<group>";
		};
		1358169C23E0671C00109133 /* Extensions */ = {
			isa = PBXGroup;
			children = (
				1358169D23E0672F00109133 /* Date.swift */,
			);
			path = Extensions;
			sourceTree = "<group>";
		};
		1370181923E48793002701BF /* ViewControllers */ = {
			isa = PBXGroup;
			children = (
				138A5B8E23E492B200527D50 /* UserMenuViewController.swift */,
				139929A823E4AC4400BE336B /* UserListViewController.swift */,
				139929AA23E4AEF500BE336B /* UserListTableViewCell.swift */,
				139929AC23E4AF9A00BE336B /* AddUsernameViewController.swift */,
				135F5C6923E872BA006B4A0B /* AppInfoViewController.swift */,
			);
			path = ViewControllers;
			sourceTree = "<group>";
		};
/* End PBXGroup section */

/* Begin PBXNativeTarget section */
		1358167023E0657300109133 /* PlaylistMaker */ = {
			isa = PBXNativeTarget;
			buildConfigurationList = 1358168523E0657600109133 /* Build configuration list for PBXNativeTarget "PlaylistMaker" */;
			buildPhases = (
				1358166D23E0657300109133 /* Sources */,
				1358166E23E0657300109133 /* Frameworks */,
				1358166F23E0657300109133 /* Resources */,
			);
			buildRules = (
			);
			dependencies = (
			);
			name = PlaylistMaker;
			productName = PlaylistMaker;
			productReference = 1358167123E0657300109133 /* PlaylistMaker.app */;
			productType = "com.apple.product-type.application";
		};
/* End PBXNativeTarget section */

/* Begin PBXProject section */
		1358166923E0657300109133 /* Project object */ = {
			isa = PBXProject;
			attributes = {
				LastSwiftUpdateCheck = 1130;
				LastUpgradeCheck = 1130;
				ORGANIZATIONNAME = "Christopher Boynton";
				TargetAttributes = {
					1358167023E0657300109133 = {
						CreatedOnToolsVersion = 11.3.1;
					};
				};
			};
			buildConfigurationList = 1358166C23E0657300109133 /* Build configuration list for PBXProject "PlaylistMaker" */;
			compatibilityVersion = "Xcode 9.3";
			developmentRegion = en;
			hasScannedForEncodings = 0;
			knownRegions = (
				en,
				Base,
			);
			mainGroup = 1358166823E0657300109133;
			productRefGroup = 1358167223E0657300109133 /* Products */;
			projectDirPath = "";
			projectRoot = "";
			targets = (
				1358167023E0657300109133 /* PlaylistMaker */,
			);
		};
/* End PBXProject section */

/* Begin PBXResourcesBuildPhase section */
		1358166F23E0657300109133 /* Resources */ = {
			isa = PBXResourcesBuildPhase;
			buildActionMask = 2147483647;
			files = (
				1358168123E0657600109133 /* LaunchScreen.storyboard in Resources */,
				1358167E23E0657600109133 /* Assets.xcassets in Resources */,
				1358167C23E0657300109133 /* Main.storyboard in Resources */,
			);
			runOnlyForDeploymentPostprocessing = 0;
		};
/* End PBXResourcesBuildPhase section */

/* Begin PBXSourcesBuildPhase section */
		1358166D23E0657300109133 /* Sources */ = {
			isa = PBXSourcesBuildPhase;
			buildActionMask = 2147483647;
			files = (
				1358167923E0657300109133 /* ViewController.swift in Sources */,
				1358169523E066B000109133 /* TrackDate.swift in Sources */,
				1370181223E3273C002701BF /* ScrobblesService.swift in Sources */,
				1358167523E0657300109133 /* AppDelegate.swift in Sources */,
				139929AD23E4AF9A00BE336B /* AddUsernameViewController.swift in Sources */,
				1358167723E0657300109133 /* SceneDelegate.swift in Sources */,
				1358169823E066B000109133 /* RecentTracksResponse.swift in Sources */,
				135F5C6A23E872BA006B4A0B /* AppInfoViewController.swift in Sources */,
				1358168B23E0660700109133 /* APIClient.swift in Sources */,
				1358169A23E066B000109133 /* RecentTracks.swift in Sources */,
				139929A723E49B6400BE336B /* User.swift in Sources */,
				1358169E23E0672F00109133 /* Date.swift in Sources */,
				1358168D23E0661D00109133 /* Keys.swift in Sources */,
				1358169623E066B000109133 /* Track.swift in Sources */,
				1370181423E33D74002701BF /* Catalog.swift in Sources */,
				138A5B8F23E492B200527D50 /* UserMenuViewController.swift in Sources */,
				139929AB23E4AEF500BE336B /* UserListTableViewCell.swift in Sources */,
				139929A923E4AC4400BE336B /* UserListViewController.swift in Sources */,
				138A5B9123E4933D00527D50 /* UserService.swift in Sources */,
				1358169923E066B000109133 /* Artist.swift in Sources */,
				1358169723E066B000109133 /* Album.swift in Sources */,
				1370181623E34637002701BF /* Factbook.swift in Sources */,
				1370181823E4849A002701BF /* UserInfoResponse.swift in Sources */,
			);
			runOnlyForDeploymentPostprocessing = 0;
		};
/* End PBXSourcesBuildPhase section */

/* Begin PBXVariantGroup section */
		1358167A23E0657300109133 /* Main.storyboard */ = {
			isa = PBXVariantGroup;
			children = (
				1358167B23E0657300109133 /* Base */,
			);
			name = Main.storyboard;
			sourceTree = "<group>";
		};
		1358167F23E0657600109133 /* LaunchScreen.storyboard */ = {
			isa = PBXVariantGroup;
			children = (
				1358168023E0657600109133 /* Base */,
			);
			name = LaunchScreen.storyboard;
			sourceTree = "<group>";
		};
/* End PBXVariantGroup section */

/* Begin XCBuildConfiguration section */
		1358168323E0657600109133 /* Debug */ = {
			isa = XCBuildConfiguration;
			buildSettings = {
				ALWAYS_SEARCH_USER_PATHS = NO;
				CLANG_ANALYZER_NONNULL = YES;
				CLANG_ANALYZER_NUMBER_OBJECT_CONVERSION = YES_AGGRESSIVE;
				CLANG_CXX_LANGUAGE_STANDARD = "gnu++14";
				CLANG_CXX_LIBRARY = "libc++";
				CLANG_ENABLE_MODULES = YES;
				CLANG_ENABLE_OBJC_ARC = YES;
				CLANG_ENABLE_OBJC_WEAK = YES;
				CLANG_WARN_BLOCK_CAPTURE_AUTORELEASING = YES;
				CLANG_WARN_BOOL_CONVERSION = YES;
				CLANG_WARN_COMMA = YES;
				CLANG_WARN_CONSTANT_CONVERSION = YES;
				CLANG_WARN_DEPRECATED_OBJC_IMPLEMENTATIONS = YES;
				CLANG_WARN_DIRECT_OBJC_ISA_USAGE = YES_ERROR;
				CLANG_WARN_DOCUMENTATION_COMMENTS = YES;
				CLANG_WARN_EMPTY_BODY = YES;
				CLANG_WARN_ENUM_CONVERSION = YES;
				CLANG_WARN_INFINITE_RECURSION = YES;
				CLANG_WARN_INT_CONVERSION = YES;
				CLANG_WARN_NON_LITERAL_NULL_CONVERSION = YES;
				CLANG_WARN_OBJC_IMPLICIT_RETAIN_SELF = YES;
				CLANG_WARN_OBJC_LITERAL_CONVERSION = YES;
				CLANG_WARN_OBJC_ROOT_CLASS = YES_ERROR;
				CLANG_WARN_RANGE_LOOP_ANALYSIS = YES;
				CLANG_WARN_STRICT_PROTOTYPES = YES;
				CLANG_WARN_SUSPICIOUS_MOVE = YES;
				CLANG_WARN_UNGUARDED_AVAILABILITY = YES_AGGRESSIVE;
				CLANG_WARN_UNREACHABLE_CODE = YES;
				CLANG_WARN__DUPLICATE_METHOD_MATCH = YES;
				COPY_PHASE_STRIP = NO;
				DEBUG_INFORMATION_FORMAT = dwarf;
				ENABLE_STRICT_OBJC_MSGSEND = YES;
				ENABLE_TESTABILITY = YES;
				GCC_C_LANGUAGE_STANDARD = gnu11;
				GCC_DYNAMIC_NO_PIC = NO;
				GCC_NO_COMMON_BLOCKS = YES;
				GCC_OPTIMIZATION_LEVEL = 0;
				GCC_PREPROCESSOR_DEFINITIONS = (
					"DEBUG=1",
					"$(inherited)",
				);
				GCC_WARN_64_TO_32_BIT_CONVERSION = YES;
				GCC_WARN_ABOUT_RETURN_TYPE = YES_ERROR;
				GCC_WARN_UNDECLARED_SELECTOR = YES;
				GCC_WARN_UNINITIALIZED_AUTOS = YES_AGGRESSIVE;
				GCC_WARN_UNUSED_FUNCTION = YES;
				GCC_WARN_UNUSED_VARIABLE = YES;
				IPHONEOS_DEPLOYMENT_TARGET = 13.2;
				MTL_ENABLE_DEBUG_INFO = INCLUDE_SOURCE;
				MTL_FAST_MATH = YES;
				ONLY_ACTIVE_ARCH = YES;
				SDKROOT = iphoneos;
				SWIFT_ACTIVE_COMPILATION_CONDITIONS = DEBUG;
				SWIFT_OPTIMIZATION_LEVEL = "-Onone";
			};
			name = Debug;
		};
		1358168423E0657600109133 /* Release */ = {
			isa = XCBuildConfiguration;
			buildSettings = {
				ALWAYS_SEARCH_USER_PATHS = NO;
				CLANG_ANALYZER_NONNULL = YES;
				CLANG_ANALYZER_NUMBER_OBJECT_CONVERSION = YES_AGGRESSIVE;
				CLANG_CXX_LANGUAGE_STANDARD = "gnu++14";
				CLANG_CXX_LIBRARY = "libc++";
				CLANG_ENABLE_MODULES = YES;
				CLANG_ENABLE_OBJC_ARC = YES;
				CLANG_ENABLE_OBJC_WEAK = YES;
				CLANG_WARN_BLOCK_CAPTURE_AUTORELEASING = YES;
				CLANG_WARN_BOOL_CONVERSION = YES;
				CLANG_WARN_COMMA = YES;
				CLANG_WARN_CONSTANT_CONVERSION = YES;
				CLANG_WARN_DEPRECATED_OBJC_IMPLEMENTATIONS = YES;
				CLANG_WARN_DIRECT_OBJC_ISA_USAGE = YES_ERROR;
				CLANG_WARN_DOCUMENTATION_COMMENTS = YES;
				CLANG_WARN_EMPTY_BODY = YES;
				CLANG_WARN_ENUM_CONVERSION = YES;
				CLANG_WARN_INFINITE_RECURSION = YES;
				CLANG_WARN_INT_CONVERSION = YES;
				CLANG_WARN_NON_LITERAL_NULL_CONVERSION = YES;
				CLANG_WARN_OBJC_IMPLICIT_RETAIN_SELF = YES;
				CLANG_WARN_OBJC_LITERAL_CONVERSION = YES;
				CLANG_WARN_OBJC_ROOT_CLASS = YES_ERROR;
				CLANG_WARN_RANGE_LOOP_ANALYSIS = YES;
				CLANG_WARN_STRICT_PROTOTYPES = YES;
				CLANG_WARN_SUSPICIOUS_MOVE = YES;
				CLANG_WARN_UNGUARDED_AVAILABILITY = YES_AGGRESSIVE;
				CLANG_WARN_UNREACHABLE_CODE = YES;
				CLANG_WARN__DUPLICATE_METHOD_MATCH = YES;
				COPY_PHASE_STRIP = NO;
				DEBUG_INFORMATION_FORMAT = "dwarf-with-dsym";
				ENABLE_NS_ASSERTIONS = NO;
				ENABLE_STRICT_OBJC_MSGSEND = YES;
				GCC_C_LANGUAGE_STANDARD = gnu11;
				GCC_NO_COMMON_BLOCKS = YES;
				GCC_WARN_64_TO_32_BIT_CONVERSION = YES;
				GCC_WARN_ABOUT_RETURN_TYPE = YES_ERROR;
				GCC_WARN_UNDECLARED_SELECTOR = YES;
				GCC_WARN_UNINITIALIZED_AUTOS = YES_AGGRESSIVE;
				GCC_WARN_UNUSED_FUNCTION = YES;
				GCC_WARN_UNUSED_VARIABLE = YES;
				IPHONEOS_DEPLOYMENT_TARGET = 13.2;
				MTL_ENABLE_DEBUG_INFO = NO;
				MTL_FAST_MATH = YES;
				SDKROOT = iphoneos;
				SWIFT_COMPILATION_MODE = wholemodule;
				SWIFT_OPTIMIZATION_LEVEL = "-O";
				VALIDATE_PRODUCT = YES;
			};
			name = Release;
		};
		1358168623E0657600109133 /* Debug */ = {
			isa = XCBuildConfiguration;
			buildSettings = {
				ASSETCATALOG_COMPILER_APPICON_NAME = AppIcon;
				CODE_SIGN_STYLE = Automatic;
				DEVELOPMENT_TEAM = 6X2L9APT92;
				INFOPLIST_FILE = PlaylistMaker/Info.plist;
				LD_RUNPATH_SEARCH_PATHS = (
					"$(inherited)",
					"@executable_path/Frameworks",
				);
				PRODUCT_BUNDLE_IDENTIFIER = self.PlaylistMaker;
				PRODUCT_NAME = "$(TARGET_NAME)";
				SWIFT_VERSION = 5.0;
				TARGETED_DEVICE_FAMILY = "1,2";
			};
			name = Debug;
		};
		1358168723E0657600109133 /* Release */ = {
			isa = XCBuildConfiguration;
			buildSettings = {
				ASSETCATALOG_COMPILER_APPICON_NAME = AppIcon;
				CODE_SIGN_STYLE = Automatic;
				DEVELOPMENT_TEAM = 6X2L9APT92;
				INFOPLIST_FILE = PlaylistMaker/Info.plist;
				LD_RUNPATH_SEARCH_PATHS = (
					"$(inherited)",
					"@executable_path/Frameworks",
				);
				PRODUCT_BUNDLE_IDENTIFIER = self.PlaylistMaker;
				PRODUCT_NAME = "$(TARGET_NAME)";
				SWIFT_VERSION = 5.0;
				TARGETED_DEVICE_FAMILY = "1,2";
			};
			name = Release;
		};
/* End XCBuildConfiguration section */

/* Begin XCConfigurationList section */
		1358166C23E0657300109133 /* Build configuration list for PBXProject "PlaylistMaker" */ = {
			isa = XCConfigurationList;
			buildConfigurations = (
				1358168323E0657600109133 /* Debug */,
				1358168423E0657600109133 /* Release */,
			);
			defaultConfigurationIsVisible = 0;
			defaultConfigurationName = Release;
		};
		1358168523E0657600109133 /* Build configuration list for PBXNativeTarget "PlaylistMaker" */ = {
			isa = XCConfigurationList;
			buildConfigurations = (
				1358168623E0657600109133 /* Debug */,
				1358168723E0657600109133 /* Release */,
			);
			defaultConfigurationIsVisible = 0;
			defaultConfigurationName = Release;
		};
/* End XCConfigurationList section */
	};
	rootObject = 1358166923E0657300109133 /* Project object */;
}
